
Microsoft Visual Studio Solution File, Format Version 12.00
# Visual Studio 15
VisualStudioVersion = 15.0.27703.2035
MinimumVisualStudioVersion = 10.0.40219.1
Project("{FAE04EC0-301F-11D3-BF4B-00C04F79EFBC}") = "myrazorwebapp", "src\myrazorwebapp.csproj", "{6B094DFD-4223-49F3-92DD-01705B3DE82A}"
EndProject
Global
	GlobalSection(SolutionConfigurationPlatforms) = preSolution
		Debug|Any CPU = Debug|Any CPU
		Release|Any CPU = Release|Any CPU
	EndGlobalSection
	GlobalSection(ProjectConfigurationPlatforms) = postSolution
		{6B094DFD-4223-49F3-92DD-01705B3DE82A}.Debug|Any CPU.ActiveCfg = Debug|Any CPU
		{6B094DFD-4223-49F3-92DD-01705B3DE82A}.Debug|Any CPU.Build.0 = Debug|Any CPU
		{6B094DFD-4223-49F3-92DD-01705B3DE82A}.Release|Any CPU.ActiveCfg = Release|Any CPU
		{6B094DFD-4223-49F3-92DD-01705B3DE82A}.Release|Any CPU.Build.0 = Release|Any CPU
	EndGlobalSection
	GlobalSection(SolutionProperties) = preSolution
		HideSolutionNode = FALSE
	EndGlobalSection
	GlobalSection(ExtensibilityGlobals) = postSolution
		SolutionGuid = {F6013D26-F628-4417-AAF9-6200B53D89E6}
	EndGlobalSection
EndGlobal
